Microsoft Visual Studio Solution File, Format Version 12.00
# Visual Studio Version 17
VisualStudioVersion = 17.5.2.0
MinimumVisualStudioVersion = 10.0.40219.1
Project("{FAE04EC0-301F-11D3-BF4B-00C04F79EFBC}") = "MusicAlbums", "MusicAlbums\MusicAlbums.csproj", "{69A16471-D505-3530-6432-1E9639AD719E}"
EndProject
Global
	GlobalSection(SolutionConfigurationPlatforms) = preSolution
		Debug|Any CPU = Debug|Any CPU
		Release|Any CPU = Release|Any CPU
	EndGlobalSection
	GlobalSection(ProjectConfigurationPlatforms) = postSolution
		{69A16471-D505-3530-6432-1E9639AD719E}.Debug|Any CPU.ActiveCfg = Debug|Any CPU
		{69A16471-D505-3530-6432-1E9639AD719E}.Debug|Any CPU.Build.0 = Debug|Any CPU
		{69A16471-D505-3530-6432-1E9639AD719E}.Release|Any CPU.ActiveCfg = Release|Any CPU
		{69A16471-D505-3530-6432-1E9639AD719E}.Release|Any CPU.Build.0 = Release|Any CPU
	EndGlobalSection
	GlobalSection(SolutionProperties) = preSolution
		HideSolutionNode = FALSE
	EndGlobalSection
	GlobalSection(ExtensibilityGlobals) = postSolution
		SolutionGuid = {668CE7CB-1542-43E5-A673-094D7A55B061}
	EndGlobalSection
EndGlobal
